
Microsoft Visual Studio Solution File, Format Version 12.00
# Visual Studio Version 16
VisualStudioVersion = 16.0.31205.134
MinimumVisualStudioVersion = 10.0.40219.1
Project("{FAE04EC0-301F-11D3-BF4B-00C04F79EFBC}") = "pooCalcularIdade", "pooCalcularIdade\pooCalcularIdade.csproj", "{2F8485DD-2708-416B-9217-F8DEB807A2A7}"
EndProject
Global
	GlobalSection(SolutionConfigurationPlatforms) = preSolution
		Debug|Any CPU = Debug|Any CPU
		Release|Any CPU = Release|Any CPU
	EndGlobalSection
	GlobalSection(ProjectConfigurationPlatforms) = postSolution
		{2F8485DD-2708-416B-9217-F8DEB807A2A7}.Debug|Any CPU.ActiveCfg = Debug|Any CPU
		{2F8485DD-2708-416B-9217-F8DEB807A2A7}.Debug|Any CPU.Build.0 = Debug|Any CPU
		{2F8485DD-2708-416B-9217-F8DEB807A2A7}.Release|Any CPU.ActiveCfg = Release|Any CPU
		{2F8485DD-2708-416B-9217-F8DEB807A2A7}.Release|Any CPU.Build.0 = Release|Any CPU
	EndGlobalSection
	GlobalSection(SolutionProperties) = preSolution
		HideSolutionNode = FALSE
	EndGlobalSection
	GlobalSection(ExtensibilityGlobals) = postSolution
		SolutionGuid = {8132E17C-7A2E-4B6E-8C17-843B455254A2}
	EndGlobalSection
EndGlobal
